// !$*UTF8*$!
{
	archiveVersion = 1;
	classes = {
	};
	objectVersion = 50;
	objects = {

/* Begin PBXBuildFile section */
		180DB06B2203DDC800AB1427 /* CounterView.swift in Sources */ = {isa = PBXBuildFile; fileRef = 180DB06A2203DDC800AB1427 /* CounterView.swift */; };
		18BD627D2203A7EB0009A965 /* AppDelegate.swift in Sources */ = {isa = PBXBuildFile; fileRef = 18BD627C2203A7EB0009A965 /* AppDelegate.swift */; };
		18BD627F2203A7EB0009A965 /* ViewController.swift in Sources */ = {isa = PBXBuildFile; fileRef = 18BD627E2203A7EB0009A965 /* ViewController.swift */; };
		18BD62822203A7EB0009A965 /* Main.storyboard in Resources */ = {isa = PBXBuildFile; fileRef = 18BD62802203A7EB0009A965 /* Main.storyboard */; };
		18BD62842203A7EC0009A965 /* Assets.xcassets in Resources */ = {isa = PBXBuildFile; fileRef = 18BD62832203A7EC0009A965 /* Assets.xcassets */; };
		18BD62872203A7EC0009A965 /* LaunchScreen.storyboard in Resources */ = {isa = PBXBuildFile; fileRef = 18BD62852203A7EC0009A965 /* LaunchScreen.storyboard */; };
		18BD628F2203A8070009A965 /* PushButton.swift in Sources */ = {isa = PBXBuildFile; fileRef = 18BD628E2203A8070009A965 /* PushButton.swift */; };
		D082BEA02204D4C40037B38E /* 1-FloUnitCircle.png in Resources */ = {isa = PBXBuildFile; fileRef = D082BE9F2204D4C40037B38E /* 1-FloUnitCircle.png */; };
/* End PBXBuildFile section */

/* Begin PBXFileReference section */
		180DB06A2203DDC800AB1427 /* CounterView.swift */ = {isa = PBXFileReference; lastKnownFileType = sourcecode.swift; path = CounterView.swift; sourceTree = "<group>"; };
		18BD62792203A7EB0009A965 /* DrinkingWater.app */ = {isa = PBXFileReference; explicitFileType = wrapper.application; includeInIndex = 0; path = DrinkingWater.app; sourceTree = BUILT_PRODUCTS_DIR; };
		18BD627C2203A7EB0009A965 /* AppDelegate.swift */ = {isa = PBXFileReference; lastKnownFileType = sourcecode.swift; path = AppDelegate.swift; sourceTree = "<group>"; };
		18BD627E2203A7EB0009A965 /* ViewController.swift */ = {isa = PBXFileReference; lastKnownFileType = sourcecode.swift; path = ViewController.swift; sourceTree = "<group>"; };
		18BD62812203A7EB0009A965 /* Base */ = {isa = PBXFileReference; lastKnownFileType = file.storyboard; name = Base; path = Base.lproj/Main.storyboard; sourceTree = "<group>"; };
		18BD62832203A7EC0009A965 /* Assets.xcassets */ = {isa = PBXFileReference; lastKnownFileType = folder.assetcatalog; path = Assets.xcassets; sourceTree = "<group>"; };
		18BD62862203A7EC0009A965 /* Base */ = {isa = PBXFileReference; lastKnownFileType = file.storyboard; name = Base; path = Base.lproj/LaunchScreen.storyboard; sourceTree = "<group>"; };
		18BD62882203A7EC0009A965 /* Info.plist */ = {isa = PBXFileReference; lastKnownFileType = text.plist.xml; path = Info.plist; sourceTree = "<group>"; };
		18BD628E2203A8070009A965 /* PushButton.swift */ = {isa = PBXFileReference; lastKnownFileType = sourcecode.swift; path = PushButton.swift; sourceTree = "<group>"; };
		D082BE9F2204D4C40037B38E /* 1-FloUnitCircle.png */ = {isa = PBXFileReference; lastKnownFileType = image.png; path = "1-FloUnitCircle.png"; sourceTree = "<group>"; };
/* End PBXFileReference section */

/* Begin PBXFrameworksBuildPhase section */
		18BD62762203A7EB0009A965 /* Frameworks */ = {
			isa = PBXFrameworksBuildPhase;
			buildActionMask = 2147483647;
			files = (
			);
			runOnlyForDeploymentPostprocessing = 0;
		};
/* End PBXFrameworksBuildPhase section */

/* Begin PBXGroup section */
		18BD62702203A7EB0009A965 = {
			isa = PBXGroup;
			children = (
				18BD627B2203A7EB0009A965 /* DrinkingWater */,
				18BD627A2203A7EB0009A965 /* Products */,
			);
			sourceTree = "<group>";
		};
		18BD627A2203A7EB0009A965 /* Products */ = {
			isa = PBXGroup;
			children = (
				18BD62792203A7EB0009A965 /* DrinkingWater.app */,
			);
			name = Products;
			sourceTree = "<group>";
		};
		18BD627B2203A7EB0009A965 /* DrinkingWater */ = {
			isa = PBXGroup;
			children = (
				D082BE9F2204D4C40037B38E /* 1-FloUnitCircle.png */,
				180DB06A2203DDC800AB1427 /* CounterView.swift */,
				18BD627C2203A7EB0009A965 /* AppDelegate.swift */,
				18BD627E2203A7EB0009A965 /* ViewController.swift */,
				18BD62802203A7EB0009A965 /* Main.storyboard */,
				18BD62832203A7EC0009A965 /* Assets.xcassets */,
				18BD62852203A7EC0009A965 /* LaunchScreen.storyboard */,
				18BD62882203A7EC0009A965 /* Info.plist */,
				18BD628E2203A8070009A965 /* PushButton.swift */,
			);
			path = DrinkingWater;
			sourceTree = "<group>";
		};
/* End PBXGroup section */

/* Begin PBXNativeTarget section */
		18BD62782203A7EB0009A965 /* DrinkingWater */ = {
			isa = PBXNativeTarget;
			buildConfigurationList = 18BD628B2203A7EC0009A965 /* Build configuration list for PBXNativeTarget "DrinkingWater" */;
			buildPhases = (
				18BD62752203A7EB0009A965 /* Sources */,
				18BD62762203A7EB0009A965 /* Frameworks */,
				18BD62772203A7EB0009A965 /* Resources */,
			);
			buildRules = (
			);
			dependencies = (
			);
			name = DrinkingWater;
			productName = DrinkingWater;
			productReference = 18BD62792203A7EB0009A965 /* DrinkingWater.app */;
			productType = "com.apple.product-type.application";
		};
/* End PBXNativeTarget section */

/* Begin PBXProject section */
		18BD62712203A7EB0009A965 /* Project object */ = {
			isa = PBXProject;
			attributes = {
				LastSwiftUpdateCheck = 1010;
				LastUpgradeCheck = 1010;
				ORGANIZATIONNAME = Marcos;
				TargetAttributes = {
					18BD62782203A7EB0009A965 = {
						CreatedOnToolsVersion = 10.1;
					};
				};
			};
			buildConfigurationList = 18BD62742203A7EB0009A965 /* Build configuration list for PBXProject "DrinkingWater" */;
			compatibilityVersion = "Xcode 9.3";
			developmentRegion = en;
			hasScannedForEncodings = 0;
			knownRegions = (
				en,
				Base,
			);
			mainGroup = 18BD62702203A7EB0009A965;
			productRefGroup = 18BD627A2203A7EB0009A965 /* Products */;
			projectDirPath = "";
			projectRoot = "";
			targets = (
				18BD62782203A7EB0009A965 /* DrinkingWater */,
			);
		};
/* End PBXProject section */

/* Begin PBXResourcesBuildPhase section */
		18BD62772203A7EB0009A965 /* Resources */ = {
			isa = PBXResourcesBuildPhase;
			buildActionMask = 2147483647;
			files = (
				18BD62872203A7EC0009A965 /* LaunchScreen.storyboard in Resources */,
				18BD62842203A7EC0009A965 /* Assets.xcassets in Resources */,
				18BD62822203A7EB0009A965 /* Main.storyboard in Resources */,
				D082BEA02204D4C40037B38E /* 1-FloUnitCircle.png in Resources */,
			);
			runOnlyForDeploymentPostprocessing = 0;
		};
/* End PBXResourcesBuildPhase section */

/* Begin PBXSourcesBuildPhase section */
		18BD62752203A7EB0009A965 /* Sources */ = {
			isa = PBXSourcesBuildPhase;
			buildActionMask = 2147483647;
			files = (
				18BD627F2203A7EB0009A965 /* ViewController.swift in Sources */,
				18BD627D2203A7EB0009A965 /* AppDelegate.swift in Sources */,
				18BD628F2203A8070009A965 /* PushButton.swift in Sources */,
				180DB06B2203DDC800AB1427 /* CounterView.swift in Sources */,
			);
			runOnlyForDeploymentPostprocessing = 0;
		};
/* End PBXSourcesBuildPhase section */

/* Begin PBXVariantGroup section */
		18BD62802203A7EB0009A965 /* Main.storyboard */ = {
			isa = PBXVariantGroup;
			children = (
				18BD62812203A7EB0009A965 /* Base */,
			);
			name = Main.storyboard;
			sourceTree = "<group>";
		};
		18BD62852203A7EC0009A965 /* LaunchScreen.storyboard */ = {
			isa = PBXVariantGroup;
			children = (
				18BD62862203A7EC0009A965 /* Base */,
			);
			name = LaunchScreen.storyboard;
			sourceTree = "<group>";
		};
/* End PBXVariantGroup section */

/* Begin XCBuildConfiguration section */
		18BD62892203A7EC0009A965 /* Debug */ = {
			isa = XCBuildConfiguration;
			buildSettings = {
				ALWAYS_SEARCH_USER_PATHS = NO;
				CLANG_ANALYZER_NONNULL = YES;
				CLANG_ANALYZER_NUMBER_OBJECT_CONVERSION = YES_AGGRESSIVE;
				CLANG_CXX_LANGUAGE_STANDARD = "gnu++14";
				CLANG_CXX_LIBRARY = "libc++";
				CLANG_ENABLE_MODULES = YES;
				CLANG_ENABLE_OBJC_ARC = YES;
				CLANG_ENABLE_OBJC_WEAK = YES;
				CLANG_WARN_BLOCK_CAPTURE_AUTORELEASING = YES;
				CLANG_WARN_BOOL_CONVERSION = YES;
				CLANG_WARN_COMMA = YES;
				CLANG_WARN_CONSTANT_CONVERSION = YES;
				CLANG_WARN_DEPRECATED_OBJC_IMPLEMENTATIONS = YES;
				CLANG_WARN_DIRECT_OBJC_ISA_USAGE = YES_ERROR;
				CLANG_WARN_DOCUMENTATION_COMMENTS = YES;
				CLANG_WARN_EMPTY_BODY = YES;
				CLANG_WARN_ENUM_CONVERSION = YES;
				CLANG_WARN_INFINITE_RECURSION = YES;
				CLANG_WARN_INT_CONVERSION = YES;
				CLANG_WARN_NON_LITERAL_NULL_CONVERSION = YES;
				CLANG_WARN_OBJC_IMPLICIT_RETAIN_SELF = YES;
				CLANG_WARN_OBJC_LITERAL_CONVERSION = YES;
				CLANG_WARN_OBJC_ROOT_CLASS = YES_ERROR;
				CLANG_WARN_RANGE_LOOP_ANALYSIS = YES;
				CLANG_WARN_STRICT_PROTOTYPES = YES;
				CLANG_WARN_SUSPICIOUS_MOVE = YES;
				CLANG_WARN_UNGUARDED_AVAILABILITY = YES_AGGRESSIVE;
				CLANG_WARN_UNREACHABLE_CODE = YES;
				CLANG_WARN__DUPLICATE_METHOD_MATCH = YES;
				CODE_SIGN_IDENTITY = "iPhone Developer";
				COPY_PHASE_STRIP = NO;
				DEBUG_INFORMATION_FORMAT = dwarf;
				ENABLE_STRICT_OBJC_MSGSEND = YES;
				ENABLE_TESTABILITY = YES;
				GCC_C_LANGUAGE_STANDARD = gnu11;
				GCC_DYNAMIC_NO_PIC = NO;
				GCC_NO_COMMON_BLOCKS = YES;
				GCC_OPTIMIZATION_LEVEL = 0;
				GCC_PREPROCESSOR_DEFINITIONS = (
					"DEBUG=1",
					"$(inherited)",
				);
				GCC_WARN_64_TO_32_BIT_CONVERSION = YES;
				GCC_WARN_ABOUT_RETURN_TYPE = YES_ERROR;
				GCC_WARN_UNDECLARED_SELECTOR = YES;
				GCC_WARN_UNINITIALIZED_AUTOS = YES_AGGRESSIVE;
				GCC_WARN_UNUSED_FUNCTION = YES;
				GCC_WARN_UNUSED_VARIABLE = YES;
				IPHONEOS_DEPLOYMENT_TARGET = 12.1;
				MTL_ENABLE_DEBUG_INFO = INCLUDE_SOURCE;
				MTL_FAST_MATH = YES;
				ONLY_ACTIVE_ARCH = YES;
				SDKROOT = iphoneos;
				SWIFT_ACTIVE_COMPILATION_CONDITIONS = DEBUG;
				SWIFT_OPTIMIZATION_LEVEL = "-Onone";
			};
			name = Debug;
		};
		18BD628A2203A7EC0009A965 /* Release */ = {
			isa = XCBuildConfiguration;
			buildSettings = {
				ALWAYS_SEARCH_USER_PATHS = NO;
				CLANG_ANALYZER_NONNULL = YES;
				CLANG_ANALYZER_NUMBER_OBJECT_CONVERSION = YES_AGGRESSIVE;
				CLANG_CXX_LANGUAGE_STANDARD = "gnu++14";
				CLANG_CXX_LIBRARY = "libc++";
				CLANG_ENABLE_MODULES = YES;
				CLANG_ENABLE_OBJC_ARC = YES;
				CLANG_ENABLE_OBJC_WEAK = YES;
				CLANG_WARN_BLOCK_CAPTURE_AUTORELEASING = YES;
				CLANG_WARN_BOOL_CONVERSION = YES;
				CLANG_WARN_COMMA = YES;
				CLANG_WARN_CONSTANT_CONVERSION = YES;
				CLANG_WARN_DEPRECATED_OBJC_IMPLEMENTATIONS = YES;
				CLANG_WARN_DIRECT_OBJC_ISA_USAGE = YES_ERROR;
				CLANG_WARN_DOCUMENTATION_COMMENTS = YES;
				CLANG_WARN_EMPTY_BODY = YES;
				CLANG_WARN_ENUM_CONVERSION = YES;
				CLANG_WARN_INFINITE_RECURSION = YES;
				CLANG_WARN_INT_CONVERSION = YES;
				CLANG_WARN_NON_LITERAL_NULL_CONVERSION = YES;
				CLANG_WARN_OBJC_IMPLICIT_RETAIN_SELF = YES;
				CLANG_WARN_OBJC_LITERAL_CONVERSION = YES;
				CLANG_WARN_OBJC_ROOT_CLASS = YES_ERROR;
				CLANG_WARN_RANGE_LOOP_ANALYSIS = YES;
				CLANG_WARN_STRICT_PROTOTYPES = YES;
				CLANG_WARN_SUSPICIOUS_MOVE = YES;
				CLANG_WARN_UNGUARDED_AVAILABILITY = YES_AGGRESSIVE;
				CLANG_WARN_UNREACHABLE_CODE = YES;
				CLANG_WARN__DUPLICATE_METHOD_MATCH = YES;
				CODE_SIGN_IDENTITY = "iPhone Developer";
				COPY_PHASE_STRIP = NO;
				DEBUG_INFORMATION_FORMAT = "dwarf-with-dsym";
				ENABLE_NS_ASSERTIONS = NO;
				ENABLE_STRICT_OBJC_MSGSEND = YES;
				GCC_C_LANGUAGE_STANDARD = gnu11;
				GCC_NO_COMMON_BLOCKS = YES;
				GCC_WARN_64_TO_32_BIT_CONVERSION = YES;
				GCC_WARN_ABOUT_RETURN_TYPE = YES_ERROR;
				GCC_WARN_UNDECLARED_SELECTOR = YES;
				GCC_WARN_UNINITIALIZED_AUTOS = YES_AGGRESSIVE;
				GCC_WARN_UNUSED_FUNCTION = YES;
				GCC_WARN_UNUSED_VARIABLE = YES;
				IPHONEOS_DEPLOYMENT_TARGET = 12.1;
				MTL_ENABLE_DEBUG_INFO = NO;
				MTL_FAST_MATH = YES;
				SDKROOT = iphoneos;
				SWIFT_COMPILATION_MODE = wholemodule;
				SWIFT_OPTIMIZATION_LEVEL = "-O";
				VALIDATE_PRODUCT = YES;
			};
			name = Release;
		};
		18BD628C2203A7EC0009A965 /* Debug */ = {
			isa = XCBuildConfiguration;
			buildSettings = {
				ASSETCATALOG_COMPILER_APPICON_NAME = AppIcon;
				CODE_SIGN_STYLE = Automatic;
				DEVELOPMENT_TEAM = V2686JM7D9;
				INFOPLIST_FILE = DrinkingWater/Info.plist;
				LD_RUNPATH_SEARCH_PATHS = (
					"$(inherited)",
					"@executable_path/Frameworks",
				);
				PRODUCT_BUNDLE_IDENTIFIER = br.com.mfelipesp.DrinkingWater;
				PRODUCT_NAME = "$(TARGET_NAME)";
				SWIFT_VERSION = 4.2;
				TARGETED_DEVICE_FAMILY = "1,2";
			};
			name = Debug;
		};
		18BD628D2203A7EC0009A965 /* Release */ = {
			isa = XCBuildConfiguration;
			buildSettings = {
				ASSETCATALOG_COMPILER_APPICON_NAME = AppIcon;
				CODE_SIGN_STYLE = Automatic;
				DEVELOPMENT_TEAM = V2686JM7D9;
				INFOPLIST_FILE = DrinkingWater/Info.plist;
				LD_RUNPATH_SEARCH_PATHS = (
					"$(inherited)",
					"@executable_path/Frameworks",
				);
				PRODUCT_BUNDLE_IDENTIFIER = br.com.mfelipesp.DrinkingWater;
				PRODUCT_NAME = "$(TARGET_NAME)";
				SWIFT_VERSION = 4.2;
				TARGETED_DEVICE_FAMILY = "1,2";
			};
			name = Release;
		};
/* End XCBuildConfiguration section */

/* Begin XCConfigurationList section */
		18BD62742203A7EB0009A965 /* Build configuration list for PBXProject "DrinkingWater" */ = {
			isa = XCConfigurationList;
			buildConfigurations = (
				18BD62892203A7EC0009A965 /* Debug */,
				18BD628A2203A7EC0009A965 /* Release */,
			);
			defaultConfigurationIsVisible = 0;
			defaultConfigurationName = Release;
		};
		18BD628B2203A7EC0009A965 /* Build configuration list for PBXNativeTarget "DrinkingWater" */ = {
			isa = XCConfigurationList;
			buildConfigurations = (
				18BD628C2203A7EC0009A965 /* Debug */,
				18BD628D2203A7EC0009A965 /* Release */,
			);
			defaultConfigurationIsVisible = 0;
			defaultConfigurationName = Release;
		};
/* End XCConfigurationList section */
	};
	rootObject = 18BD62712203A7EB0009A965 /* Project object */;
}
